
Microsoft Visual Studio Solution File, Format Version 12.00
# Visual Studio Version 17
VisualStudioVersion = 17.10.35027.167
MinimumVisualStudioVersion = 10.0.40219.1
Project("{FAE04EC0-301F-11D3-BF4B-00C04F79EFBC}") = "델리게이트_기본실습1", "델리게이트_기본실습1.csproj", "{CEAC3E2E-7970-488F-8B09-EE4C00065AA2}"
EndProject
Global
	GlobalSection(SolutionConfigurationPlatforms) = preSolution
		Debug|Any CPU = Debug|Any CPU
		Release|Any CPU = Release|Any CPU
	EndGlobalSection
	GlobalSection(ProjectConfigurationPlatforms) = postSolution
		{CEAC3E2E-7970-488F-8B09-EE4C00065AA2}.Debug|Any CPU.ActiveCfg = Debug|Any CPU
		{CEAC3E2E-7970-488F-8B09-EE4C00065AA2}.Debug|Any CPU.Build.0 = Debug|Any CPU
		{CEAC3E2E-7970-488F-8B09-EE4C00065AA2}.Release|Any CPU.ActiveCfg = Release|Any CPU
		{CEAC3E2E-7970-488F-8B09-EE4C00065AA2}.Release|Any CPU.Build.0 = Release|Any CPU
	EndGlobalSection
	GlobalSection(SolutionProperties) = preSolution
		HideSolutionNode = FALSE
	EndGlobalSection
	GlobalSection(ExtensibilityGlobals) = postSolution
		SolutionGuid = {3E41F481-95F0-4868-ADA4-51B6E0854A27}
	EndGlobalSection
EndGlobal
